
Microsoft Visual Studio Solution File, Format Version 12.00
Project("{FAE04EC0-301F-11D3-BF4B-00C04F79EFBC}") = "INFOMSO-P2", "INFOMSO-P2\INFOMSO-P2.csproj", "{11DCC273-A2A5-4842-B64D-F1096DAEC907}"
EndProject
Project("{FAE04EC0-301F-11D3-BF4B-00C04F79EFBC}") = "INFOMSO-P2-Test", "INFOMSO-P2-Test\INFOMSO-P2-Test.csproj", "{D009BAA4-8ACC-4F0A-B499-FCBED11FFCB9}"
EndProject
Global
	GlobalSection(SolutionConfigurationPlatforms) = preSolution
		Debug|Any CPU = Debug|Any CPU
		Release|Any CPU = Release|Any CPU
	EndGlobalSection
	GlobalSection(ProjectConfigurationPlatforms) = postSolution
		{11DCC273-A2A5-4842-B64D-F1096DAEC907}.Debug|Any CPU.ActiveCfg = Debug|Any CPU
		{11DCC273-A2A5-4842-B64D-F1096DAEC907}.Debug|Any CPU.Build.0 = Debug|Any CPU
		{11DCC273-A2A5-4842-B64D-F1096DAEC907}.Release|Any CPU.ActiveCfg = Release|Any CPU
		{11DCC273-A2A5-4842-B64D-F1096DAEC907}.Release|Any CPU.Build.0 = Release|Any CPU
		{D009BAA4-8ACC-4F0A-B499-FCBED11FFCB9}.Debug|Any CPU.ActiveCfg = Debug|Any CPU
		{D009BAA4-8ACC-4F0A-B499-FCBED11FFCB9}.Debug|Any CPU.Build.0 = Debug|Any CPU
		{D009BAA4-8ACC-4F0A-B499-FCBED11FFCB9}.Release|Any CPU.ActiveCfg = Release|Any CPU
		{D009BAA4-8ACC-4F0A-B499-FCBED11FFCB9}.Release|Any CPU.Build.0 = Release|Any CPU
	EndGlobalSection
EndGlobal
